
Microsoft Visual Studio Solution File, Format Version 12.00
# Visual Studio Version 16
VisualStudioVersion = 16.0.31424.327
MinimumVisualStudioVersion = 10.0.40219.1
Project("{FAE04EC0-301F-11D3-BF4B-00C04F79EFBC}") = "Telegram", "Telegram\Telegram.csproj", "{413728DE-B104-49F4-AF68-14C8E4442D1A}"
EndProject
Project("{FAE04EC0-301F-11D3-BF4B-00C04F79EFBC}") = "MessageLibrary", "MessageLibrary\MessageLibrary.csproj", "{1FB16189-8D14-4C0C-AF9D-AF26B57E19A0}"
EndProject
Project("{FAE04EC0-301F-11D3-BF4B-00C04F79EFBC}") = "TelegramServer", "TelegramServer\TelegramServer.csproj", "{789F517D-E07E-48D7-8774-9CCC7208D0D7}"
EndProject
Project("{FAE04EC0-301F-11D3-BF4B-00C04F79EFBC}") = "CommonLibrary", "CommonLibrary\CommonLibrary.csproj", "{9A350A63-4C66-42FE-A318-FB4FAEB330C9}"
EndProject
Project("{FAE04EC0-301F-11D3-BF4B-00C04F79EFBC}") = "CacheLibrary", "CacheLibrary\CacheLibrary.csproj", "{20577957-5B77-4122-AADF-3A42F531106D}"
EndProject
Project("{FAE04EC0-301F-11D3-BF4B-00C04F79EFBC}") = "TESTS", "TESTS\TESTS.csproj", "{74D5357B-6916-4C0E-9F00-8A8C02F17877}"
EndProject
Global
	GlobalSection(SolutionConfigurationPlatforms) = preSolution
		Debug|Any CPU = Debug|Any CPU
		Release|Any CPU = Release|Any CPU
	EndGlobalSection
	GlobalSection(ProjectConfigurationPlatforms) = postSolution
		{413728DE-B104-49F4-AF68-14C8E4442D1A}.Debug|Any CPU.ActiveCfg = Debug|Any CPU
		{413728DE-B104-49F4-AF68-14C8E4442D1A}.Debug|Any CPU.Build.0 = Debug|Any CPU
		{413728DE-B104-49F4-AF68-14C8E4442D1A}.Release|Any CPU.ActiveCfg = Release|Any CPU
		{413728DE-B104-49F4-AF68-14C8E4442D1A}.Release|Any CPU.Build.0 = Release|Any CPU
		{1FB16189-8D14-4C0C-AF9D-AF26B57E19A0}.Debug|Any CPU.ActiveCfg = Debug|Any CPU
		{1FB16189-8D14-4C0C-AF9D-AF26B57E19A0}.Debug|Any CPU.Build.0 = Debug|Any CPU
		{1FB16189-8D14-4C0C-AF9D-AF26B57E19A0}.Release|Any CPU.ActiveCfg = Release|Any CPU
		{1FB16189-8D14-4C0C-AF9D-AF26B57E19A0}.Release|Any CPU.Build.0 = Release|Any CPU
		{789F517D-E07E-48D7-8774-9CCC7208D0D7}.Debug|Any CPU.ActiveCfg = Debug|Any CPU
		{789F517D-E07E-48D7-8774-9CCC7208D0D7}.Debug|Any CPU.Build.0 = Debug|Any CPU
		{789F517D-E07E-48D7-8774-9CCC7208D0D7}.Release|Any CPU.ActiveCfg = Release|Any CPU
		{789F517D-E07E-48D7-8774-9CCC7208D0D7}.Release|Any CPU.Build.0 = Release|Any CPU
		{9A350A63-4C66-42FE-A318-FB4FAEB330C9}.Debug|Any CPU.ActiveCfg = Debug|Any CPU
		{9A350A63-4C66-42FE-A318-FB4FAEB330C9}.Debug|Any CPU.Build.0 = Debug|Any CPU
		{9A350A63-4C66-42FE-A318-FB4FAEB330C9}.Release|Any CPU.ActiveCfg = Release|Any CPU
		{9A350A63-4C66-42FE-A318-FB4FAEB330C9}.Release|Any CPU.Build.0 = Release|Any CPU
		{20577957-5B77-4122-AADF-3A42F531106D}.Debug|Any CPU.ActiveCfg = Debug|Any CPU
		{20577957-5B77-4122-AADF-3A42F531106D}.Debug|Any CPU.Build.0 = Debug|Any CPU
		{20577957-5B77-4122-AADF-3A42F531106D}.Release|Any CPU.ActiveCfg = Release|Any CPU
		{20577957-5B77-4122-AADF-3A42F531106D}.Release|Any CPU.Build.0 = Release|Any CPU
		{74D5357B-6916-4C0E-9F00-8A8C02F17877}.Debug|Any CPU.ActiveCfg = Debug|Any CPU
		{74D5357B-6916-4C0E-9F00-8A8C02F17877}.Debug|Any CPU.Build.0 = Debug|Any CPU
		{74D5357B-6916-4C0E-9F00-8A8C02F17877}.Release|Any CPU.ActiveCfg = Release|Any CPU
		{74D5357B-6916-4C0E-9F00-8A8C02F17877}.Release|Any CPU.Build.0 = Release|Any CPU
	EndGlobalSection
	GlobalSection(SolutionProperties) = preSolution
		HideSolutionNode = FALSE
	EndGlobalSection
	GlobalSection(ExtensibilityGlobals) = postSolution
		SolutionGuid = {D4F8DDA0-CC9D-4813-A79F-1951BDF16CAA}
	EndGlobalSection
EndGlobal
